// !$*UTF8*$!
{
	archiveVersion = 1;
	classes = {
	};
	objectVersion = 50;
	objects = {

/* Begin PBXBuildFile section */
		2E82509321E6657700158E41 /* AppDelegate.swift in Sources */ = {isa = PBXBuildFile; fileRef = 2E82509221E6657700158E41 /* AppDelegate.swift */; };
		2E82509521E6657700158E41 /* MagicViewController.swift in Sources */ = {isa = PBXBuildFile; fileRef = 2E82509421E6657700158E41 /* MagicViewController.swift */; };
		2E82509821E6657700158E41 /* Main.storyboard in Resources */ = {isa = PBXBuildFile; fileRef = 2E82509621E6657700158E41 /* Main.storyboard */; };
		2E82509A21E6657900158E41 /* Assets.xcassets in Resources */ = {isa = PBXBuildFile; fileRef = 2E82509921E6657900158E41 /* Assets.xcassets */; };
		2E82509D21E6657900158E41 /* LaunchScreen.storyboard in Resources */ = {isa = PBXBuildFile; fileRef = 2E82509B21E6657900158E41 /* LaunchScreen.storyboard */; };
		2E8250A521E6666700158E41 /* NetworkHelper.swift in Sources */ = {isa = PBXBuildFile; fileRef = 2E8250A421E6666700158E41 /* NetworkHelper.swift */; };
		2E8250A721E6668A00158E41 /* ImageHelper.swift in Sources */ = {isa = PBXBuildFile; fileRef = 2E8250A621E6668A00158E41 /* ImageHelper.swift */; };
		2E8250A921E666AC00158E41 /* AppError.swift in Sources */ = {isa = PBXBuildFile; fileRef = 2E8250A821E666AC00158E41 /* AppError.swift */; };
		2E8250AE21E667AB00158E41 /* MagicAPIClient .swift in Sources */ = {isa = PBXBuildFile; fileRef = 2E8250AD21E667AB00158E41 /* MagicAPIClient .swift */; };
		2E8250B021E667C000158E41 /* PokemonAPIClient.swift in Sources */ = {isa = PBXBuildFile; fileRef = 2E8250AF21E667C000158E41 /* PokemonAPIClient.swift */; };
		2E8250B221E6682E00158E41 /* MagicDetailViewController.swift in Sources */ = {isa = PBXBuildFile; fileRef = 2E8250B121E6682E00158E41 /* MagicDetailViewController.swift */; };
		2E8250B421E6684700158E41 /* PokemonViewController.swift in Sources */ = {isa = PBXBuildFile; fileRef = 2E8250B321E6684700158E41 /* PokemonViewController.swift */; };
		2E8250B621E6686100158E41 /* PokemonDetailViewController.swift in Sources */ = {isa = PBXBuildFile; fileRef = 2E8250B521E6686100158E41 /* PokemonDetailViewController.swift */; };
		2E8250B821E6691100158E41 /* PokemonCard.swift in Sources */ = {isa = PBXBuildFile; fileRef = 2E8250B721E6691100158E41 /* PokemonCard.swift */; };
		2E8250BB21E6699300158E41 /* MagicCard.swift in Sources */ = {isa = PBXBuildFile; fileRef = 2E8250BA21E6699300158E41 /* MagicCard.swift */; };
		D6CF476521E6BBF00071EEB0 /* MagicCell.swift in Sources */ = {isa = PBXBuildFile; fileRef = D6CF476421E6BBF00071EEB0 /* MagicCell.swift */; };
		D6CF476721E6BBFC0071EEB0 /* MagicDetailCell.swift in Sources */ = {isa = PBXBuildFile; fileRef = D6CF476621E6BBFC0071EEB0 /* MagicDetailCell.swift */; };
/* End PBXBuildFile section */

/* Begin PBXFileReference section */
		2E82508F21E6657700158E41 /* MagicCardsAndPokemonCards.app */ = {isa = PBXFileReference; explicitFileType = wrapper.application; includeInIndex = 0; path = MagicCardsAndPokemonCards.app; sourceTree = BUILT_PRODUCTS_DIR; };
		2E82509221E6657700158E41 /* AppDelegate.swift */ = {isa = PBXFileReference; lastKnownFileType = sourcecode.swift; path = AppDelegate.swift; sourceTree = "<group>"; };
		2E82509421E6657700158E41 /* MagicViewController.swift */ = {isa = PBXFileReference; lastKnownFileType = sourcecode.swift; path = MagicViewController.swift; sourceTree = "<group>"; };
		2E82509721E6657700158E41 /* Base */ = {isa = PBXFileReference; lastKnownFileType = file.storyboard; name = Base; path = Base.lproj/Main.storyboard; sourceTree = "<group>"; };
		2E82509921E6657900158E41 /* Assets.xcassets */ = {isa = PBXFileReference; lastKnownFileType = folder.assetcatalog; path = Assets.xcassets; sourceTree = "<group>"; };
		2E82509C21E6657900158E41 /* Base */ = {isa = PBXFileReference; lastKnownFileType = file.storyboard; name = Base; path = Base.lproj/LaunchScreen.storyboard; sourceTree = "<group>"; };
		2E82509E21E6657900158E41 /* Info.plist */ = {isa = PBXFileReference; lastKnownFileType = text.plist.xml; path = Info.plist; sourceTree = "<group>"; };
		2E8250A421E6666700158E41 /* NetworkHelper.swift */ = {isa = PBXFileReference; lastKnownFileType = sourcecode.swift; path = NetworkHelper.swift; sourceTree = "<group>"; };
		2E8250A621E6668A00158E41 /* ImageHelper.swift */ = {isa = PBXFileReference; lastKnownFileType = sourcecode.swift; path = ImageHelper.swift; sourceTree = "<group>"; };
		2E8250A821E666AC00158E41 /* AppError.swift */ = {isa = PBXFileReference; lastKnownFileType = sourcecode.swift; path = AppError.swift; sourceTree = "<group>"; };
		2E8250AD21E667AB00158E41 /* MagicAPIClient .swift */ = {isa = PBXFileReference; lastKnownFileType = sourcecode.swift; path = "MagicAPIClient .swift"; sourceTree = "<group>"; };
		2E8250AF21E667C000158E41 /* PokemonAPIClient.swift */ = {isa = PBXFileReference; lastKnownFileType = sourcecode.swift; path = PokemonAPIClient.swift; sourceTree = "<group>"; };
		2E8250B121E6682E00158E41 /* MagicDetailViewController.swift */ = {isa = PBXFileReference; lastKnownFileType = sourcecode.swift; path = MagicDetailViewController.swift; sourceTree = "<group>"; };
		2E8250B321E6684700158E41 /* PokemonViewController.swift */ = {isa = PBXFileReference; lastKnownFileType = sourcecode.swift; path = PokemonViewController.swift; sourceTree = "<group>"; };
		2E8250B521E6686100158E41 /* PokemonDetailViewController.swift */ = {isa = PBXFileReference; lastKnownFileType = sourcecode.swift; path = PokemonDetailViewController.swift; sourceTree = "<group>"; };
		2E8250B721E6691100158E41 /* PokemonCard.swift */ = {isa = PBXFileReference; lastKnownFileType = sourcecode.swift; path = PokemonCard.swift; sourceTree = "<group>"; };
		2E8250BA21E6699300158E41 /* MagicCard.swift */ = {isa = PBXFileReference; lastKnownFileType = sourcecode.swift; path = MagicCard.swift; sourceTree = "<group>"; };
		D6CF476421E6BBF00071EEB0 /* MagicCell.swift */ = {isa = PBXFileReference; lastKnownFileType = sourcecode.swift; path = MagicCell.swift; sourceTree = "<group>"; };
		D6CF476621E6BBFC0071EEB0 /* MagicDetailCell.swift */ = {isa = PBXFileReference; lastKnownFileType = sourcecode.swift; path = MagicDetailCell.swift; sourceTree = "<group>"; };
/* End PBXFileReference section */

/* Begin PBXFrameworksBuildPhase section */
		2E82508C21E6657700158E41 /* Frameworks */ = {
			isa = PBXFrameworksBuildPhase;
			buildActionMask = 2147483647;
			files = (
			);
			runOnlyForDeploymentPostprocessing = 0;
		};
/* End PBXFrameworksBuildPhase section */

/* Begin PBXGroup section */
		2E82508621E6657700158E41 = {
			isa = PBXGroup;
			children = (
				2E82509121E6657700158E41 /* MagicCardsAndPokemonCards */,
				2E82509021E6657700158E41 /* Products */,
			);
			sourceTree = "<group>";
		};
		2E82509021E6657700158E41 /* Products */ = {
			isa = PBXGroup;
			children = (
				2E82508F21E6657700158E41 /* MagicCardsAndPokemonCards.app */,
			);
			name = Products;
			sourceTree = "<group>";
		};
		2E82509121E6657700158E41 /* MagicCardsAndPokemonCards */ = {
			isa = PBXGroup;
			children = (
				2E82509621E6657700158E41 /* Main.storyboard */,
				2E8250B921E6692F00158E41 /* Model */,
				2E8250AA21E666D900158E41 /* Network Support */,
				2E8250AC21E6675000158E41 /* Controllers */,
				2E8250AB21E666F600158E41 /* Supporting Files */,
				2E82509E21E6657900158E41 /* Info.plist */,
			);
			path = MagicCardsAndPokemonCards;
			sourceTree = "<group>";
		};
		2E8250AA21E666D900158E41 /* Network Support */ = {
			isa = PBXGroup;
			children = (
				2E8250A421E6666700158E41 /* NetworkHelper.swift */,
				2E8250A621E6668A00158E41 /* ImageHelper.swift */,
				2E8250A821E666AC00158E41 /* AppError.swift */,
				2E8250AD21E667AB00158E41 /* MagicAPIClient .swift */,
				2E8250AF21E667C000158E41 /* PokemonAPIClient.swift */,
			);
			path = "Network Support";
			sourceTree = "<group>";
		};
		2E8250AB21E666F600158E41 /* Supporting Files */ = {
			isa = PBXGroup;
			children = (
				2E82509221E6657700158E41 /* AppDelegate.swift */,
				2E82509921E6657900158E41 /* Assets.xcassets */,
				2E82509B21E6657900158E41 /* LaunchScreen.storyboard */,
			);
			path = "Supporting Files";
			sourceTree = "<group>";
		};
		2E8250AC21E6675000158E41 /* Controllers */ = {
			isa = PBXGroup;
			children = (
				2E82509421E6657700158E41 /* MagicViewController.swift */,
				2E8250B121E6682E00158E41 /* MagicDetailViewController.swift */,
				2E8250B321E6684700158E41 /* PokemonViewController.swift */,
				2E8250B521E6686100158E41 /* PokemonDetailViewController.swift */,
			);
			path = Controllers;
			sourceTree = "<group>";
		};
		2E8250B921E6692F00158E41 /* Model */ = {
			isa = PBXGroup;
			children = (
				2E8250B721E6691100158E41 /* PokemonCard.swift */,
				2E8250BA21E6699300158E41 /* MagicCard.swift */,
				D6CF476421E6BBF00071EEB0 /* MagicCell.swift */,
				D6CF476621E6BBFC0071EEB0 /* MagicDetailCell.swift */,
			);
			name = Model;
			path = ..;
			sourceTree = "<group>";
		};
/* End PBXGroup section */

/* Begin PBXNativeTarget section */
		2E82508E21E6657700158E41 /* MagicCardsAndPokemonCards */ = {
			isa = PBXNativeTarget;
			buildConfigurationList = 2E8250A121E6657900158E41 /* Build configuration list for PBXNativeTarget "MagicCardsAndPokemonCards" */;
			buildPhases = (
				2E82508B21E6657700158E41 /* Sources */,
				2E82508C21E6657700158E41 /* Frameworks */,
				2E82508D21E6657700158E41 /* Resources */,
			);
			buildRules = (
			);
			dependencies = (
			);
			name = MagicCardsAndPokemonCards;
			productName = MagicCardsAndPokemonCards;
			productReference = 2E82508F21E6657700158E41 /* MagicCardsAndPokemonCards.app */;
			productType = "com.apple.product-type.application";
		};
/* End PBXNativeTarget section */

/* Begin PBXProject section */
		2E82508721E6657700158E41 /* Project object */ = {
			isa = PBXProject;
			attributes = {
				LastSwiftUpdateCheck = 1010;
				LastUpgradeCheck = 1010;
				ORGANIZATIONNAME = "Manny Yusuf";
				TargetAttributes = {
					2E82508E21E6657700158E41 = {
						CreatedOnToolsVersion = 10.1;
					};
				};
			};
			buildConfigurationList = 2E82508A21E6657700158E41 /* Build configuration list for PBXProject "MagicCardsAndPokemonCards" */;
			compatibilityVersion = "Xcode 9.3";
			developmentRegion = en;
			hasScannedForEncodings = 0;
			knownRegions = (
				en,
				Base,
			);
			mainGroup = 2E82508621E6657700158E41;
			productRefGroup = 2E82509021E6657700158E41 /* Products */;
			projectDirPath = "";
			projectRoot = "";
			targets = (
				2E82508E21E6657700158E41 /* MagicCardsAndPokemonCards */,
			);
		};
/* End PBXProject section */

/* Begin PBXResourcesBuildPhase section */
		2E82508D21E6657700158E41 /* Resources */ = {
			isa = PBXResourcesBuildPhase;
			buildActionMask = 2147483647;
			files = (
				2E82509D21E6657900158E41 /* LaunchScreen.storyboard in Resources */,
				2E82509A21E6657900158E41 /* Assets.xcassets in Resources */,
				2E82509821E6657700158E41 /* Main.storyboard in Resources */,
			);
			runOnlyForDeploymentPostprocessing = 0;
		};
/* End PBXResourcesBuildPhase section */

/* Begin PBXSourcesBuildPhase section */
		2E82508B21E6657700158E41 /* Sources */ = {
			isa = PBXSourcesBuildPhase;
			buildActionMask = 2147483647;
			files = (
				2E8250B821E6691100158E41 /* PokemonCard.swift in Sources */,
				2E8250BB21E6699300158E41 /* MagicCard.swift in Sources */,
				D6CF476721E6BBFC0071EEB0 /* MagicDetailCell.swift in Sources */,
				D6CF476521E6BBF00071EEB0 /* MagicCell.swift in Sources */,
				2E8250AE21E667AB00158E41 /* MagicAPIClient .swift in Sources */,
				2E82509521E6657700158E41 /* MagicViewController.swift in Sources */,
				2E8250B421E6684700158E41 /* PokemonViewController.swift in Sources */,
				2E8250A521E6666700158E41 /* NetworkHelper.swift in Sources */,
				2E8250A921E666AC00158E41 /* AppError.swift in Sources */,
				2E8250B021E667C000158E41 /* PokemonAPIClient.swift in Sources */,
				2E8250B221E6682E00158E41 /* MagicDetailViewController.swift in Sources */,
				2E8250B621E6686100158E41 /* PokemonDetailViewController.swift in Sources */,
				2E82509321E6657700158E41 /* AppDelegate.swift in Sources */,
				2E8250A721E6668A00158E41 /* ImageHelper.swift in Sources */,
			);
			runOnlyForDeploymentPostprocessing = 0;
		};
/* End PBXSourcesBuildPhase section */

/* Begin PBXVariantGroup section */
		2E82509621E6657700158E41 /* Main.storyboard */ = {
			isa = PBXVariantGroup;
			children = (
				2E82509721E6657700158E41 /* Base */,
			);
			name = Main.storyboard;
			sourceTree = "<group>";
		};
		2E82509B21E6657900158E41 /* LaunchScreen.storyboard */ = {
			isa = PBXVariantGroup;
			children = (
				2E82509C21E6657900158E41 /* Base */,
			);
			name = LaunchScreen.storyboard;
			sourceTree = "<group>";
		};
/* End PBXVariantGroup section */

/* Begin XCBuildConfiguration section */
		2E82509F21E6657900158E41 /* Debug */ = {
			isa = XCBuildConfiguration;
			buildSettings = {
				ALWAYS_SEARCH_USER_PATHS = NO;
				CLANG_ANALYZER_NONNULL = YES;
				CLANG_ANALYZER_NUMBER_OBJECT_CONVERSION = YES_AGGRESSIVE;
				CLANG_CXX_LANGUAGE_STANDARD = "gnu++14";
				CLANG_CXX_LIBRARY = "libc++";
				CLANG_ENABLE_MODULES = YES;
				CLANG_ENABLE_OBJC_ARC = YES;
				CLANG_ENABLE_OBJC_WEAK = YES;
				CLANG_WARN_BLOCK_CAPTURE_AUTORELEASING = YES;
				CLANG_WARN_BOOL_CONVERSION = YES;
				CLANG_WARN_COMMA = YES;
				CLANG_WARN_CONSTANT_CONVERSION = YES;
				CLANG_WARN_DEPRECATED_OBJC_IMPLEMENTATIONS = YES;
				CLANG_WARN_DIRECT_OBJC_ISA_USAGE = YES_ERROR;
				CLANG_WARN_DOCUMENTATION_COMMENTS = YES;
				CLANG_WARN_EMPTY_BODY = YES;
				CLANG_WARN_ENUM_CONVERSION = YES;
				CLANG_WARN_INFINITE_RECURSION = YES;
				CLANG_WARN_INT_CONVERSION = YES;
				CLANG_WARN_NON_LITERAL_NULL_CONVERSION = YES;
				CLANG_WARN_OBJC_IMPLICIT_RETAIN_SELF = YES;
				CLANG_WARN_OBJC_LITERAL_CONVERSION = YES;
				CLANG_WARN_OBJC_ROOT_CLASS = YES_ERROR;
				CLANG_WARN_RANGE_LOOP_ANALYSIS = YES;
				CLANG_WARN_STRICT_PROTOTYPES = YES;
				CLANG_WARN_SUSPICIOUS_MOVE = YES;
				CLANG_WARN_UNGUARDED_AVAILABILITY = YES_AGGRESSIVE;
				CLANG_WARN_UNREACHABLE_CODE = YES;
				CLANG_WARN__DUPLICATE_METHOD_MATCH = YES;
				CODE_SIGN_IDENTITY = "iPhone Developer";
				COPY_PHASE_STRIP = NO;
				DEBUG_INFORMATION_FORMAT = dwarf;
				ENABLE_STRICT_OBJC_MSGSEND = YES;
				ENABLE_TESTABILITY = YES;
				GCC_C_LANGUAGE_STANDARD = gnu11;
				GCC_DYNAMIC_NO_PIC = NO;
				GCC_NO_COMMON_BLOCKS = YES;
				GCC_OPTIMIZATION_LEVEL = 0;
				GCC_PREPROCESSOR_DEFINITIONS = (
					"DEBUG=1",
					"$(inherited)",
				);
				GCC_WARN_64_TO_32_BIT_CONVERSION = YES;
				GCC_WARN_ABOUT_RETURN_TYPE = YES_ERROR;
				GCC_WARN_UNDECLARED_SELECTOR = YES;
				GCC_WARN_UNINITIALIZED_AUTOS = YES_AGGRESSIVE;
				GCC_WARN_UNUSED_FUNCTION = YES;
				GCC_WARN_UNUSED_VARIABLE = YES;
				IPHONEOS_DEPLOYMENT_TARGET = 12.1;
				MTL_ENABLE_DEBUG_INFO = INCLUDE_SOURCE;
				MTL_FAST_MATH = YES;
				ONLY_ACTIVE_ARCH = YES;
				SDKROOT = iphoneos;
				SWIFT_ACTIVE_COMPILATION_CONDITIONS = DEBUG;
				SWIFT_OPTIMIZATION_LEVEL = "-Onone";
			};
			name = Debug;
		};
		2E8250A021E6657900158E41 /* Release */ = {
			isa = XCBuildConfiguration;
			buildSettings = {
				ALWAYS_SEARCH_USER_PATHS = NO;
				CLANG_ANALYZER_NONNULL = YES;
				CLANG_ANALYZER_NUMBER_OBJECT_CONVERSION = YES_AGGRESSIVE;
				CLANG_CXX_LANGUAGE_STANDARD = "gnu++14";
				CLANG_CXX_LIBRARY = "libc++";
				CLANG_ENABLE_MODULES = YES;
				CLANG_ENABLE_OBJC_ARC = YES;
				CLANG_ENABLE_OBJC_WEAK = YES;
				CLANG_WARN_BLOCK_CAPTURE_AUTORELEASING = YES;
				CLANG_WARN_BOOL_CONVERSION = YES;
				CLANG_WARN_COMMA = YES;
				CLANG_WARN_CONSTANT_CONVERSION = YES;
				CLANG_WARN_DEPRECATED_OBJC_IMPLEMENTATIONS = YES;
				CLANG_WARN_DIRECT_OBJC_ISA_USAGE = YES_ERROR;
				CLANG_WARN_DOCUMENTATION_COMMENTS = YES;
				CLANG_WARN_EMPTY_BODY = YES;
				CLANG_WARN_ENUM_CONVERSION = YES;
				CLANG_WARN_INFINITE_RECURSION = YES;
				CLANG_WARN_INT_CONVERSION = YES;
				CLANG_WARN_NON_LITERAL_NULL_CONVERSION = YES;
				CLANG_WARN_OBJC_IMPLICIT_RETAIN_SELF = YES;
				CLANG_WARN_OBJC_LITERAL_CONVERSION = YES;
				CLANG_WARN_OBJC_ROOT_CLASS = YES_ERROR;
				CLANG_WARN_RANGE_LOOP_ANALYSIS = YES;
				CLANG_WARN_STRICT_PROTOTYPES = YES;
				CLANG_WARN_SUSPICIOUS_MOVE = YES;
				CLANG_WARN_UNGUARDED_AVAILABILITY = YES_AGGRESSIVE;
				CLANG_WARN_UNREACHABLE_CODE = YES;
				CLANG_WARN__DUPLICATE_METHOD_MATCH = YES;
				CODE_SIGN_IDENTITY = "iPhone Developer";
				COPY_PHASE_STRIP = NO;
				DEBUG_INFORMATION_FORMAT = "dwarf-with-dsym";
				ENABLE_NS_ASSERTIONS = NO;
				ENABLE_STRICT_OBJC_MSGSEND = YES;
				GCC_C_LANGUAGE_STANDARD = gnu11;
				GCC_NO_COMMON_BLOCKS = YES;
				GCC_WARN_64_TO_32_BIT_CONVERSION = YES;
				GCC_WARN_ABOUT_RETURN_TYPE = YES_ERROR;
				GCC_WARN_UNDECLARED_SELECTOR = YES;
				GCC_WARN_UNINITIALIZED_AUTOS = YES_AGGRESSIVE;
				GCC_WARN_UNUSED_FUNCTION = YES;
				GCC_WARN_UNUSED_VARIABLE = YES;
				IPHONEOS_DEPLOYMENT_TARGET = 12.1;
				MTL_ENABLE_DEBUG_INFO = NO;
				MTL_FAST_MATH = YES;
				SDKROOT = iphoneos;
				SWIFT_COMPILATION_MODE = wholemodule;
				SWIFT_OPTIMIZATION_LEVEL = "-O";
				VALIDATE_PRODUCT = YES;
			};
			name = Release;
		};
		2E8250A221E6657900158E41 /* Debug */ = {
			isa = XCBuildConfiguration;
			buildSettings = {
				ASSETCATALOG_COMPILER_APPICON_NAME = AppIcon;
				CODE_SIGN_STYLE = Automatic;
				DEVELOPMENT_TEAM = TZT7J4D9W8;
				INFOPLIST_FILE = MagicCardsAndPokemonCards/Info.plist;
				LD_RUNPATH_SEARCH_PATHS = (
					"$(inherited)",
					"@executable_path/Frameworks",
				);
				PRODUCT_BUNDLE_IDENTIFIER = Manny.Pursuit.MagicCardsAndPokemonCards;
				PRODUCT_NAME = "$(TARGET_NAME)";
				SWIFT_VERSION = 4.2;
				TARGETED_DEVICE_FAMILY = "1,2";
			};
			name = Debug;
		};
		2E8250A321E6657900158E41 /* Release */ = {
			isa = XCBuildConfiguration;
			buildSettings = {
				ASSETCATALOG_COMPILER_APPICON_NAME = AppIcon;
				CODE_SIGN_STYLE = Automatic;
				DEVELOPMENT_TEAM = TZT7J4D9W8;
				INFOPLIST_FILE = MagicCardsAndPokemonCards/Info.plist;
				LD_RUNPATH_SEARCH_PATHS = (
					"$(inherited)",
					"@executable_path/Frameworks",
				);
				PRODUCT_BUNDLE_IDENTIFIER = Manny.Pursuit.MagicCardsAndPokemonCards;
				PRODUCT_NAME = "$(TARGET_NAME)";
				SWIFT_VERSION = 4.2;
				TARGETED_DEVICE_FAMILY = "1,2";
			};
			name = Release;
		};
/* End XCBuildConfiguration section */

/* Begin XCConfigurationList section */
		2E82508A21E6657700158E41 /* Build configuration list for PBXProject "MagicCardsAndPokemonCards" */ = {
			isa = XCConfigurationList;
			buildConfigurations = (
				2E82509F21E6657900158E41 /* Debug */,
				2E8250A021E6657900158E41 /* Release */,
			);
			defaultConfigurationIsVisible = 0;
			defaultConfigurationName = Release;
		};
		2E8250A121E6657900158E41 /* Build configuration list for PBXNativeTarget "MagicCardsAndPokemonCards" */ = {
			isa = XCConfigurationList;
			buildConfigurations = (
				2E8250A221E6657900158E41 /* Debug */,
				2E8250A321E6657900158E41 /* Release */,
			);
			defaultConfigurationIsVisible = 0;
			defaultConfigurationName = Release;
		};
/* End XCConfigurationList section */
	};
	rootObject = 2E82508721E6657700158E41 /* Project object */;
}
